
Microsoft Visual Studio Solution File, Format Version 12.00
# Visual Studio 15
VisualStudioVersion = 15.0.28307.1231
MinimumVisualStudioVersion = 10.0.40219.1
Project("{FAE04EC0-301F-11D3-BF4B-00C04F79EFBC}") = "TurtleGame", "TurtleGame\TurtleGame.csproj", "{8A199EA6-90FA-4DB4-A051-E1B7F49F0855}"
EndProject
Global
	GlobalSection(SolutionConfigurationPlatforms) = preSolution
		Debug|Any CPU = Debug|Any CPU
		Release|Any CPU = Release|Any CPU
	EndGlobalSection
	GlobalSection(ProjectConfigurationPlatforms) = postSolution
		{8A199EA6-90FA-4DB4-A051-E1B7F49F0855}.Debug|Any CPU.ActiveCfg = Debug|Any CPU
		{8A199EA6-90FA-4DB4-A051-E1B7F49F0855}.Debug|Any CPU.Build.0 = Debug|Any CPU
		{8A199EA6-90FA-4DB4-A051-E1B7F49F0855}.Release|Any CPU.ActiveCfg = Release|Any CPU
		{8A199EA6-90FA-4DB4-A051-E1B7F49F0855}.Release|Any CPU.Build.0 = Release|Any CPU
	EndGlobalSection
	GlobalSection(SolutionProperties) = preSolution
		HideSolutionNode = FALSE
	EndGlobalSection
	GlobalSection(ExtensibilityGlobals) = postSolution
		SolutionGuid = {80D3FD40-C95D-4E3C-8313-236259295298}
	EndGlobalSection
EndGlobal
